github.com/heavywatal/hugo-mod-common v0.0.0-20250714085413-e4fa760b3003 h1:kTaDIACEPYF/64gYdCX51deiQqOCKMT90eGAZsrUyS8=
github.com/heavywatal/hugo-mod-common v0.0.0-20250714085413-e4fa760b3003/go.mod h1:HEP5sGpeRcvP73TzQLCYtBb8cegYgJ9SdEYoB6ktG2Q=
github.com/heavywatal/hugo-theme-reveal v0.0.0-20250714085923-a0393246b107 h1:l9OFZB0jUrqoHWnN8QbCP/HBiQjsbSwZuOsvBYdFjCE=
github.com/heavywatal/hugo-theme-reveal v0.0.0-20250714085923-a0393246b107/go.mod h1:IjO2SmAJZprmTd4r5GLj9Ts0e12BhNitVS/Ma6YXgQo=
