github.com/heavywatal/hugo-mod-common v0.0.0-20260401095610-93b75856c6df h1:T8O2ETOeRF9UzZOqX8QlKrzaboFrj5RLU/yBQd6OTjA=
github.com/heavywatal/hugo-mod-common v0.0.0-20260401095610-93b75856c6df/go.mod h1:HEP5sGpeRcvP73TzQLCYtBb8cegYgJ9SdEYoB6ktG2Q=
github.com/heavywatal/hugo-theme-reveal v0.0.0-20260401235804-ed900b153250 h1:GMQAOIvRWZ6fPa6YYIoazuWFDtJ9fZnKeo0z7W8GO9Y=
github.com/heavywatal/hugo-theme-reveal v0.0.0-20260401235804-ed900b153250/go.mod h1:U0gC4FExRKhUCaYPLOfreBxY8ox2f2LOfYHP16NHALk=
